
Microsoft Visual Studio Solution File, Format Version 12.00
# Visual Studio Version 17
VisualStudioVersion = 17.2.32616.157
MinimumVisualStudioVersion = 10.0.40219.1
Project("{FAE04EC0-301F-11D3-BF4B-00C04F79EFBC}") = "pianina", "pianina\pianina.csproj", "{DFF83E65-FCE9-4D7A-97EA-F7B672A94277}"
EndProject
Global
	GlobalSection(SolutionConfigurationPlatforms) = preSolution
		Debug|Any CPU = Debug|Any CPU
		Release|Any CPU = Release|Any CPU
	EndGlobalSection
	GlobalSection(ProjectConfigurationPlatforms) = postSolution
		{DFF83E65-FCE9-4D7A-97EA-F7B672A94277}.Debug|Any CPU.ActiveCfg = Debug|Any CPU
		{DFF83E65-FCE9-4D7A-97EA-F7B672A94277}.Debug|Any CPU.Build.0 = Debug|Any CPU
		{DFF83E65-FCE9-4D7A-97EA-F7B672A94277}.Release|Any CPU.ActiveCfg = Release|Any CPU
		{DFF83E65-FCE9-4D7A-97EA-F7B672A94277}.Release|Any CPU.Build.0 = Release|Any CPU
	EndGlobalSection
	GlobalSection(SolutionProperties) = preSolution
		HideSolutionNode = FALSE
	EndGlobalSection
	GlobalSection(ExtensibilityGlobals) = postSolution
		SolutionGuid = {FFA71217-7936-4FB0-9C30-3F6003EEBE21}
	EndGlobalSection
EndGlobal
